<?xml version="1.0" encoding="utf-8"?>
<Project ToolsVersion="4.0" xmlns="http://schemas.microsoft.com/developer/msbuild/2003">
  <ItemGroup>
    <Filter Include="Source Files">
      <UniqueIdentifier>{4FC737F1-C7A5-4376-A066-2A32D752A2FF}</UniqueIdentifier>
      <Extensions>cpp;c;cc;cxx;def;odl;idl;hpj;bat;asm;asmx</Extensions>
    </Filter>
    <Filter Include="Header Files">
      <UniqueIdentifier>{93995380-89BD-4b04-88EB-625FBE52EBFB}</UniqueIdentifier>
      <Extensions>h;hpp;hxx;hm;inl;inc;xsd</Extensions>
    </Filter>
    <Filter Include="Resource Files">
      <UniqueIdentifier>{67DA6AB6-F800-4c08-8B7A-83BB121AAD01}</UniqueIdentifier>
      <Extensions>rc;ico;cur;bmp;dlg;rc2;rct;bin;rgs;gif;jpg;jpeg;jpe;resx;tiff;tif;png;wav;mfcribbon-ms</Extensions>
    </Filter>
    <Filter Include="Source Files\Input">
      <UniqueIdentifier>{486f79d1-2975-4e01-a25c-661cc9dc9b5b}</UniqueIdentifier>
    </Filter>
    <Filter Include="Source Files\Control">
      <UniqueIdentifier>{9181a54b-ed36-41ab-b311-72428bff0035}</UniqueIdentifier>
    </Filter>
    <Filter Include="Source Files\lib">
      <UniqueIdentifier>{641db3c2-e015-4120-842f-d4ae530b8dcf}</UniqueIdentifier>
    </Filter>
    <Filter Include="Source Files\SOIL">
      <UniqueIdentifier>{e665739c-f8e4-4d81-b491-b107d3d72827}</UniqueIdentifier>
    </Filter>
    <Filter Include="Source Files\Entities">
      <UniqueIdentifier>{2f655987-2b2d-474a-853e-a33a6cef308d}</UniqueIdentifier>
    </Filter>
  </ItemGroup>
  <ItemGroup>
    <ClCompile Include="main.cpp">
      <Filter>Source Files</Filter>
    </ClCompile>
    <ClCompile Include="lib\collision.cpp">
      <Filter>Source Files\lib</Filter>
    </ClCompile>
    <ClCompile Include="lib\mathlib.cpp">
      <Filter>Source Files\lib</Filter>
    </ClCompile>
    <ClCompile Include="Control\Camera.cpp">
      <Filter>Source Files\Control</Filter>
    </ClCompile>
    <ClCompile Include="Control\Graphic.cpp">
      <Filter>Source Files\Control</Filter>
    </ClCompile>
    <ClCompile Include="Input\Mouse.cpp">
      <Filter>Source Files\Input</Filter>
    </ClCompile>
    <ClCompile Include="SOIL\image_DXT.c">
      <Filter>Source Files\SOIL</Filter>
    </ClCompile>
    <ClCompile Include="SOIL\image_helper.c">
      <Filter>Source Files\SOIL</Filter>
    </ClCompile>
    <ClCompile Include="SOIL\SOIL.c">
      <Filter>Source Files\SOIL</Filter>
    </ClCompile>
    <ClCompile Include="SOIL\stb_image_aug.c">
      <Filter>Source Files\SOIL</Filter>
    </ClCompile>
    <ClCompile Include="Entities\Model.cpp">
      <Filter>Source Files\Entities</Filter>
    </ClCompile>
    <ClCompile Include="Entities\ModelOBJ.cpp">
      <Filter>Source Files\Entities</Filter>
    </ClCompile>
    <ClCompile Include="Entities\BaseModel.cpp">
      <Filter>Source Files\Entities</Filter>
    </ClCompile>
    <ClCompile Include="Sences\GameSence.cpp">
      <Filter>Source Files\Entities</Filter>
    </ClCompile>
    <ClCompile Include="Entities\LogicGame.cpp">
      <Filter>Source Files</Filter>
    </ClCompile>
    <ClCompile Include="Entities\Sprite2D.cpp">
      <Filter>Source Files</Filter>
    </ClCompile>
    <ClCompile Include="Entities\ExtraModel.cpp">
      <Filter>Source Files</Filter>
    </ClCompile>
  </ItemGroup>
  <ItemGroup>
    <ClInclude Include="lib\collision.h">
      <Filter>Source Files\lib</Filter>
    </ClInclude>
    <ClInclude Include="lib\mathlib.h">
      <Filter>Source Files\lib</Filter>
    </ClInclude>
    <ClInclude Include="Control\Camera.h">
      <Filter>Source Files\Control</Filter>
    </ClInclude>
    <ClInclude Include="Control\Graphic.h">
      <Filter>Source Files\Control</Filter>
    </ClInclude>
    <ClInclude Include="Input\Mouse.h">
      <Filter>Source Files\Input</Filter>
    </ClInclude>
    <ClInclude Include="SOIL\SOIL.h">
      <Filter>Source Files\SOIL</Filter>
    </ClInclude>
    <ClInclude Include="SOIL\stb_image_aug.h">
      <Filter>Source Files\SOIL</Filter>
    </ClInclude>
    <ClInclude Include="SOIL\stbi_DDS_aug.h">
      <Filter>Source Files\SOIL</Filter>
    </ClInclude>
    <ClInclude Include="SOIL\stbi_DDS_aug_c.h">
      <Filter>Source Files\SOIL</Filter>
    </ClInclude>
    <ClInclude Include="Entities\Timer.h">
      <Filter>Source Files</Filter>
    </ClInclude>
    <ClInclude Include="Constant.h">
      <Filter>Source Files</Filter>
    </ClInclude>
    <ClInclude Include="Control\Light.h">
      <Filter>Source Files\Control</Filter>
    </ClInclude>
    <ClInclude Include="SOIL\image_DXT.h">
      <Filter>Source Files\SOIL</Filter>
    </ClInclude>
    <ClInclude Include="SOIL\image_helper.h">
      <Filter>Source Files\SOIL</Filter>
    </ClInclude>
    <ClInclude Include="Entities\BaseModel.h">
      <Filter>Source Files\Entities</Filter>
    </ClInclude>
    <ClInclude Include="Sences\GameSence.h">
      <Filter>Source Files\Entities</Filter>
    </ClInclude>
    <ClInclude Include="Entities\Model.h">
      <Filter>Source Files\Entities</Filter>
    </ClInclude>
    <ClInclude Include="Entities\ModelOBJ.h">
      <Filter>Source Files\Entities</Filter>
    </ClInclude>
    <ClInclude Include="Entities\LogicGame.h">
      <Filter>Header Files</Filter>
    </ClInclude>
    <ClInclude Include="Entities\Sprite2D.h">
      <Filter>Header Files</Filter>
    </ClInclude>
    <ClInclude Include="lib\Geometry.h">
      <Filter>Header Files</Filter>
    </ClInclude>
    <ClInclude Include="Entities\ExtraModel.h">
      <Filter>Header Files</Filter>
    </ClInclude>
  </ItemGroup>
</Project>